// !$*UTF8*$!
{
	archiveVersion = 1;
	classes = {
	};
	objectVersion = 50;
	objects = {

/* Begin PBXBuildFile section */
		1215668E22CB4A300067C003 /* main.cpp in Sources */ = {isa = PBXBuildFile; fileRef = 1215668D22CB4A300067C003 /* main.cpp */; };
/* End PBXBuildFile section */

/* Begin PBXCopyFilesBuildPhase section */
		1215668822CB4A300067C003 /* CopyFiles */ = {
			isa = PBXCopyFilesBuildPhase;
			buildActionMask = 2147483647;
			dstPath = /usr/share/man/man1/;
			dstSubfolderSpec = 0;
			files = (
			);
			runOnlyForDeploymentPostprocessing = 1;
		};
/* End PBXCopyFilesBuildPhase section */

/* Begin PBXFileReference section */
		1214622A2682328A00D76A2A /* 10-正则表达式匹配.hpp */ = {isa = PBXFileReference; lastKnownFileType = sourcecode.cpp.h; path = "10-正则表达式匹配.hpp"; sourceTree = "<group>"; };
		1215668A22CB4A300067C003 /* LeetCode */ = {isa = PBXFileReference; explicitFileType = "compiled.mach-o.executable"; includeInIndex = 0; path = LeetCode; sourceTree = BUILT_PRODUCTS_DIR; };
		1215668D22CB4A300067C003 /* main.cpp */ = {isa = PBXFileReference; lastKnownFileType = sourcecode.cpp.cpp; path = main.cpp; sourceTree = "<group>"; };
		12268FED26AF0AE10043DABF /* 25-K个一组翻转链表.hpp */ = {isa = PBXFileReference; lastKnownFileType = sourcecode.cpp.h; path = "25-K个一组翻转链表.hpp"; sourceTree = "<group>"; };
		123A18E922F7C0C5007298AF /* 1-两数之和.hpp */ = {isa = PBXFileReference; lastKnownFileType = sourcecode.cpp.h; path = "1-两数之和.hpp"; sourceTree = "<group>"; };
		123A27C1269C98C900EEAE37 /* 19-删除链表的倒数第N个结点.hpp */ = {isa = PBXFileReference; lastKnownFileType = sourcecode.cpp.h; path = "19-删除链表的倒数第N个结点.hpp"; sourceTree = "<group>"; };
		123A27C3269DEBA400EEAE37 /* 20-有效的括号.hpp */ = {isa = PBXFileReference; lastKnownFileType = sourcecode.cpp.h; path = "20-有效的括号.hpp"; sourceTree = "<group>"; };
		123A27C5269F40E900EEAE37 /* 21-合并两个有序链表.hpp */ = {isa = PBXFileReference; lastKnownFileType = sourcecode.cpp.h; path = "21-合并两个有序链表.hpp"; sourceTree = "<group>"; };
		124DA96F231EC05300723E56 /* classicAlgorithm.hpp */ = {isa = PBXFileReference; lastKnownFileType = sourcecode.cpp.h; path = classicAlgorithm.hpp; sourceTree = "<group>"; };
		124F1E71232A90EB00E7C090 /* 4-寻找两个有序数组的中位数.hpp */ = {isa = PBXFileReference; lastKnownFileType = sourcecode.cpp.h; path = "4-寻找两个有序数组的中位数.hpp"; sourceTree = "<group>"; };
		125D7F2B26726FCB00BC6CD7 /* 8-字符串转换整数 (atoi).hpp */ = {isa = PBXFileReference; lastKnownFileType = sourcecode.cpp.h; path = "8-字符串转换整数 (atoi).hpp"; sourceTree = "<group>"; };
		1261085D2333C767004F3C09 /* 2-两数相加.hpp */ = {isa = PBXFileReference; lastKnownFileType = sourcecode.cpp.h; path = "2-两数相加.hpp"; sourceTree = "<group>"; };
		1262AC80267B97B000859AFB /* 9-回文数.hpp */ = {isa = PBXFileReference; lastKnownFileType = sourcecode.cpp.h; path = "9-回文数.hpp"; sourceTree = "<group>"; };
		126AF130268A0E7200641FC1 /* 12-整数转罗马数字.hpp */ = {isa = PBXFileReference; lastKnownFileType = sourcecode.cpp.h; path = "12-整数转罗马数字.hpp"; sourceTree = "<group>"; };
		127294A5269357E50007636D /* 16-最接近的三数之和.hpp */ = {isa = PBXFileReference; lastKnownFileType = sourcecode.cpp.h; path = "16-最接近的三数之和.hpp"; sourceTree = "<group>"; };
		127294A72695EE890007636D /* 17-电话号码的字母组合.hpp */ = {isa = PBXFileReference; lastKnownFileType = sourcecode.cpp.h; path = "17-电话号码的字母组合.hpp"; sourceTree = "<group>"; };
		1273F5C2260CE018001C07B0 /* 3-无重复字符的最长子串.hpp */ = {isa = PBXFileReference; lastKnownFileType = sourcecode.cpp.h; path = "3-无重复字符的最长子串.hpp"; sourceTree = "<group>"; };
		1284DB59268E1B81008692B8 /* 14-最长公共前缀.hpp */ = {isa = PBXFileReference; lastKnownFileType = sourcecode.cpp.h; path = "14-最长公共前缀.hpp"; sourceTree = "<group>"; };
		1286E27D269752DF0087EAC4 /* 18-四数之和.hpp */ = {isa = PBXFileReference; lastKnownFileType = sourcecode.cpp.h; path = "18-四数之和.hpp"; sourceTree = "<group>"; };
		12871E35265FF877002D07DF /* 6-Z 字形变换.hpp */ = {isa = PBXFileReference; lastKnownFileType = sourcecode.cpp.h; path = "6-Z 字形变换.hpp"; sourceTree = "<group>"; };
		1294DD952690AB5100C4D928 /* 15-三数之和.hpp */ = {isa = PBXFileReference; lastKnownFileType = sourcecode.cpp.h; path = "15-三数之和.hpp"; sourceTree = "<group>"; };
		129A3ABE26A32DC4009BBFDC /* 22-括号生成.hpp */ = {isa = PBXFileReference; lastKnownFileType = sourcecode.cpp.h; path = "22-括号生成.hpp"; sourceTree = "<group>"; };
		129A3AC026A7272E009BBFDC /* 23-合并K个升序链表.hpp */ = {isa = PBXFileReference; lastKnownFileType = sourcecode.cpp.h; path = "23-合并K个升序链表.hpp"; sourceTree = "<group>"; };
		129D08932688436000CF3320 /* 11-盛最多水的容器.hpp */ = {isa = PBXFileReference; lastKnownFileType = sourcecode.cpp.h; path = "11-盛最多水的容器.hpp"; sourceTree = "<group>"; };
		12A68119268B684900AE0499 /* 13-罗马数字转整数.hpp */ = {isa = PBXFileReference; lastKnownFileType = sourcecode.cpp.h; path = "13-罗马数字转整数.hpp"; sourceTree = "<group>"; };
		12C56F94232CC0D10059AB91 /* 5-最长回文子串.hpp */ = {isa = PBXFileReference; lastKnownFileType = sourcecode.cpp.h; path = "5-最长回文子串.hpp"; sourceTree = "<group>"; };
		12CEAF7E26ADA89300CCF486 /* 24-两两交换链表中的节点.hpp */ = {isa = PBXFileReference; lastKnownFileType = sourcecode.cpp.h; path = "24-两两交换链表中的节点.hpp"; sourceTree = "<group>"; };
		12D5CF2722DC51F300CF17C4 /* tools.h */ = {isa = PBXFileReference; lastKnownFileType = sourcecode.c.h; path = tools.h; sourceTree = "<group>"; };
		12F48244266D37D800E2885F /* 7-整数反转.hpp */ = {isa = PBXFileReference; fileEncoding = 4; lastKnownFileType = sourcecode.cpp.h; path = "7-整数反转.hpp"; sourceTree = "<group>"; };
/* End PBXFileReference section */

/* Begin PBXFrameworksBuildPhase section */
		1215668722CB4A300067C003 /* Frameworks */ = {
			isa = PBXFrameworksBuildPhase;
			buildActionMask = 2147483647;
			files = (
			);
			runOnlyForDeploymentPostprocessing = 0;
		};
/* End PBXFrameworksBuildPhase section */

/* Begin PBXGroup section */
		1215668122CB4A300067C003 = {
			isa = PBXGroup;
			children = (
				1215668C22CB4A300067C003 /* LeetCode */,
				12D5CF2722DC51F300CF17C4 /* tools.h */,
				124DA96F231EC05300723E56 /* classicAlgorithm.hpp */,
				1215668D22CB4A300067C003 /* main.cpp */,
				1215668B22CB4A300067C003 /* Products */,
			);
			sourceTree = "<group>";
		};
		1215668B22CB4A300067C003 /* Products */ = {
			isa = PBXGroup;
			children = (
				1215668A22CB4A300067C003 /* LeetCode */,
			);
			name = Products;
			sourceTree = "<group>";
		};
		1215668C22CB4A300067C003 /* LeetCode */ = {
			isa = PBXGroup;
			children = (
				123A18E722F7C044007298AF /* 01、数组 */,
				127B93B82314D37A007A1DBD /* 02、栈 */,
				127D70B92320F70400350828 /* 03、队列 */,
				124F1E63232A8EFA00E7C090 /* 04、链表 */,
				124F1E64232A8F3100E7C090 /* 05、二叉树 */,
				124F1E66232A8F7400E7C090 /* 06、二叉搜索树 */,
				124F1E69232A8FB600E7C090 /* 07、堆 */,
				124F1E65232A8F4900E7C090 /* 08、图 */,
				124F1E67232A8F9A00E7C090 /* 09、哈希表 */,
				126E405226726EC30006274F /* 10、字符串 */,
				124F1E6C232A900F00E7C090 /* 11、动态规划 */,
				124F1E6D232A902300E7C090 /* 12、回溯 */,
				124F1E6F232A905700E7C090 /* 13、贪心 */,
				12F48243266D37D800E2885F /* 14、数学 */,
			);
			path = LeetCode;
			sourceTree = "<group>";
		};
		123A18E722F7C044007298AF /* 01、数组 */ = {
			isa = PBXGroup;
			children = (
				123A18E922F7C0C5007298AF /* 1-两数之和.hpp */,
				124F1E71232A90EB00E7C090 /* 4-寻找两个有序数组的中位数.hpp */,
				1294DD952690AB5100C4D928 /* 15-三数之和.hpp */,
				127294A5269357E50007636D /* 16-最接近的三数之和.hpp */,
				1286E27D269752DF0087EAC4 /* 18-四数之和.hpp */,
			);
			path = "01、数组";
			sourceTree = "<group>";
		};
		124F1E63232A8EFA00E7C090 /* 04、链表 */ = {
			isa = PBXGroup;
			children = (
				1261085D2333C767004F3C09 /* 2-两数相加.hpp */,
				123A27C1269C98C900EEAE37 /* 19-删除链表的倒数第N个结点.hpp */,
				123A27C5269F40E900EEAE37 /* 21-合并两个有序链表.hpp */,
				129A3AC026A7272E009BBFDC /* 23-合并K个升序链表.hpp */,
				12CEAF7E26ADA89300CCF486 /* 24-两两交换链表中的节点.hpp */,
				12268FED26AF0AE10043DABF /* 25-K个一组翻转链表.hpp */,
			);
			path = "04、链表";
			sourceTree = "<group>";
		};
		124F1E64232A8F3100E7C090 /* 05、二叉树 */ = {
			isa = PBXGroup;
			children = (
			);
			path = "05、二叉树";
			sourceTree = "<group>";
		};
		124F1E65232A8F4900E7C090 /* 08、图 */ = {
			isa = PBXGroup;
			children = (
			);
			path = "08、图";
			sourceTree = "<group>";
		};
		124F1E66232A8F7400E7C090 /* 06、二叉搜索树 */ = {
			isa = PBXGroup;
			children = (
			);
			path = "06、二叉搜索树";
			sourceTree = "<group>";
		};
		124F1E67232A8F9A00E7C090 /* 09、哈希表 */ = {
			isa = PBXGroup;
			children = (
				126AF130268A0E7200641FC1 /* 12-整数转罗马数字.hpp */,
				12A68119268B684900AE0499 /* 13-罗马数字转整数.hpp */,
			);
			path = "09、哈希表";
			sourceTree = "<group>";
		};
		124F1E69232A8FB600E7C090 /* 07、堆 */ = {
			isa = PBXGroup;
			children = (
			);
			path = "07、堆";
			sourceTree = "<group>";
		};
		124F1E6C232A900F00E7C090 /* 11、动态规划 */ = {
			isa = PBXGroup;
			children = (
				1214622A2682328A00D76A2A /* 10-正则表达式匹配.hpp */,
				129A3ABE26A32DC4009BBFDC /* 22-括号生成.hpp */,
			);
			path = "11、动态规划";
			sourceTree = "<group>";
		};
		124F1E6D232A902300E7C090 /* 12、回溯 */ = {
			isa = PBXGroup;
			children = (
				127294A72695EE890007636D /* 17-电话号码的字母组合.hpp */,
			);
			path = "12、回溯";
			sourceTree = "<group>";
		};
		124F1E6F232A905700E7C090 /* 13、贪心 */ = {
			isa = PBXGroup;
			children = (
				129D08932688436000CF3320 /* 11-盛最多水的容器.hpp */,
			);
			path = "13、贪心";
			sourceTree = "<group>";
		};
		126E405226726EC30006274F /* 10、字符串 */ = {
			isa = PBXGroup;
			children = (
				1273F5C2260CE018001C07B0 /* 3-无重复字符的最长子串.hpp */,
				12C56F94232CC0D10059AB91 /* 5-最长回文子串.hpp */,
				12871E35265FF877002D07DF /* 6-Z 字形变换.hpp */,
				125D7F2B26726FCB00BC6CD7 /* 8-字符串转换整数 (atoi).hpp */,
				1284DB59268E1B81008692B8 /* 14-最长公共前缀.hpp */,
			);
			path = "10、字符串";
			sourceTree = "<group>";
		};
		127B93B82314D37A007A1DBD /* 02、栈 */ = {
			isa = PBXGroup;
			children = (
				123A27C3269DEBA400EEAE37 /* 20-有效的括号.hpp */,
			);
			path = "02、栈";
			sourceTree = "<group>";
		};
		127D70B92320F70400350828 /* 03、队列 */ = {
			isa = PBXGroup;
			children = (
			);
			path = "03、队列";
			sourceTree = "<group>";
		};
		12F48243266D37D800E2885F /* 14、数学 */ = {
			isa = PBXGroup;
			children = (
				12F48244266D37D800E2885F /* 7-整数反转.hpp */,
				1262AC80267B97B000859AFB /* 9-回文数.hpp */,
			);
			path = "14、数学";
			sourceTree = "<group>";
		};
/* End PBXGroup section */

/* Begin PBXNativeTarget section */
		1215668922CB4A300067C003 /* LeetCode */ = {
			isa = PBXNativeTarget;
			buildConfigurationList = 1215669122CB4A300067C003 /* Build configuration list for PBXNativeTarget "LeetCode" */;
			buildPhases = (
				1215668622CB4A300067C003 /* Sources */,
				1215668722CB4A300067C003 /* Frameworks */,
				1215668822CB4A300067C003 /* CopyFiles */,
			);
			buildRules = (
			);
			dependencies = (
			);
			name = LeetCode;
			productName = LeetCode;
			productReference = 1215668A22CB4A300067C003 /* LeetCode */;
			productType = "com.apple.product-type.tool";
		};
/* End PBXNativeTarget section */

/* Begin PBXProject section */
		1215668222CB4A300067C003 /* Project object */ = {
			isa = PBXProject;
			attributes = {
				LastUpgradeCheck = 1240;
				ORGANIZATIONNAME = "尤建峡";
				TargetAttributes = {
					1215668922CB4A300067C003 = {
						CreatedOnToolsVersion = 10.2.1;
					};
				};
			};
			buildConfigurationList = 1215668522CB4A300067C003 /* Build configuration list for PBXProject "LeetCode" */;
			compatibilityVersion = "Xcode 9.3";
			developmentRegion = en;
			hasScannedForEncodings = 0;
			knownRegions = (
				en,
				Base,
			);
			mainGroup = 1215668122CB4A300067C003;
			productRefGroup = 1215668B22CB4A300067C003 /* Products */;
			projectDirPath = "";
			projectRoot = "";
			targets = (
				1215668922CB4A300067C003 /* LeetCode */,
			);
		};
/* End PBXProject section */

/* Begin PBXSourcesBuildPhase section */
		1215668622CB4A300067C003 /* Sources */ = {
			isa = PBXSourcesBuildPhase;
			buildActionMask = 2147483647;
			files = (
				1215668E22CB4A300067C003 /* main.cpp in Sources */,
			);
			runOnlyForDeploymentPostprocessing = 0;
		};
/* End PBXSourcesBuildPhase section */

/* Begin XCBuildConfiguration section */
		1215668F22CB4A300067C003 /* Debug */ = {
			isa = XCBuildConfiguration;
			buildSettings = {
				ALWAYS_SEARCH_USER_PATHS = NO;
				CLANG_ANALYZER_NONNULL = YES;
				CLANG_ANALYZER_NUMBER_OBJECT_CONVERSION = YES_AGGRESSIVE;
				CLANG_CXX_LANGUAGE_STANDARD = "gnu++17";
				CLANG_CXX_LIBRARY = "libc++";
				CLANG_ENABLE_MODULES = YES;
				CLANG_ENABLE_OBJC_ARC = YES;
				CLANG_ENABLE_OBJC_WEAK = YES;
				CLANG_WARN_BLOCK_CAPTURE_AUTORELEASING = YES;
				CLANG_WARN_BOOL_CONVERSION = YES;
				CLANG_WARN_COMMA = YES;
				CLANG_WARN_CONSTANT_CONVERSION = YES;
				CLANG_WARN_DEPRECATED_OBJC_IMPLEMENTATIONS = YES;
				CLANG_WARN_DIRECT_OBJC_ISA_USAGE = YES_ERROR;
				CLANG_WARN_DOCUMENTATION_COMMENTS = YES;
				CLANG_WARN_EMPTY_BODY = YES;
				CLANG_WARN_ENUM_CONVERSION = YES;
				CLANG_WARN_INFINITE_RECURSION = YES;
				CLANG_WARN_INT_CONVERSION = YES;
				CLANG_WARN_NON_LITERAL_NULL_CONVERSION = YES;
				CLANG_WARN_OBJC_IMPLICIT_RETAIN_SELF = YES;
				CLANG_WARN_OBJC_LITERAL_CONVERSION = YES;
				CLANG_WARN_OBJC_ROOT_CLASS = YES_ERROR;
				CLANG_WARN_QUOTED_INCLUDE_IN_FRAMEWORK_HEADER = YES;
				CLANG_WARN_RANGE_LOOP_ANALYSIS = YES;
				CLANG_WARN_STRICT_PROTOTYPES = YES;
				CLANG_WARN_SUSPICIOUS_MOVE = YES;
				CLANG_WARN_UNGUARDED_AVAILABILITY = YES_AGGRESSIVE;
				CLANG_WARN_UNREACHABLE_CODE = YES;
				CLANG_WARN__DUPLICATE_METHOD_MATCH = YES;
				CODE_SIGN_IDENTITY = "Mac Developer";
				COPY_PHASE_STRIP = NO;
				DEBUG_INFORMATION_FORMAT = dwarf;
				ENABLE_STRICT_OBJC_MSGSEND = YES;
				ENABLE_TESTABILITY = YES;
				GCC_C_LANGUAGE_STANDARD = gnu11;
				GCC_DYNAMIC_NO_PIC = NO;
				GCC_NO_COMMON_BLOCKS = YES;
				GCC_OPTIMIZATION_LEVEL = 0;
				GCC_PREPROCESSOR_DEFINITIONS = (
					"DEBUG=1",
					"$(inherited)",
				);
				GCC_WARN_64_TO_32_BIT_CONVERSION = YES;
				GCC_WARN_ABOUT_RETURN_TYPE = YES_ERROR;
				GCC_WARN_UNDECLARED_SELECTOR = YES;
				GCC_WARN_UNINITIALIZED_AUTOS = YES_AGGRESSIVE;
				GCC_WARN_UNUSED_FUNCTION = YES;
				GCC_WARN_UNUSED_VARIABLE = YES;
				MACOSX_DEPLOYMENT_TARGET = 10.14;
				MTL_ENABLE_DEBUG_INFO = INCLUDE_SOURCE;
				MTL_FAST_MATH = YES;
				ONLY_ACTIVE_ARCH = YES;
				SDKROOT = macosx;
			};
			name = Debug;
		};
		1215669022CB4A300067C003 /* Release */ = {
			isa = XCBuildConfiguration;
			buildSettings = {
				ALWAYS_SEARCH_USER_PATHS = NO;
				CLANG_ANALYZER_NONNULL = YES;
				CLANG_ANALYZER_NUMBER_OBJECT_CONVERSION = YES_AGGRESSIVE;
				CLANG_CXX_LANGUAGE_STANDARD = "gnu++17";
				CLANG_CXX_LIBRARY = "libc++";
				CLANG_ENABLE_MODULES = YES;
				CLANG_ENABLE_OBJC_ARC = YES;
				CLANG_ENABLE_OBJC_WEAK = YES;
				CLANG_WARN_BLOCK_CAPTURE_AUTORELEASING = YES;
				CLANG_WARN_BOOL_CONVERSION = YES;
				CLANG_WARN_COMMA = YES;
				CLANG_WARN_CONSTANT_CONVERSION = YES;
				CLANG_WARN_DEPRECATED_OBJC_IMPLEMENTATIONS = YES;
				CLANG_WARN_DIRECT_OBJC_ISA_USAGE = YES_ERROR;
				CLANG_WARN_DOCUMENTATION_COMMENTS = YES;
				CLANG_WARN_EMPTY_BODY = YES;
				CLANG_WARN_ENUM_CONVERSION = YES;
				CLANG_WARN_INFINITE_RECURSION = YES;
				CLANG_WARN_INT_CONVERSION = YES;
				CLANG_WARN_NON_LITERAL_NULL_CONVERSION = YES;
				CLANG_WARN_OBJC_IMPLICIT_RETAIN_SELF = YES;
				CLANG_WARN_OBJC_LITERAL_CONVERSION = YES;
				CLANG_WARN_OBJC_ROOT_CLASS = YES_ERROR;
				CLANG_WARN_QUOTED_INCLUDE_IN_FRAMEWORK_HEADER = YES;
				CLANG_WARN_RANGE_LOOP_ANALYSIS = YES;
				CLANG_WARN_STRICT_PROTOTYPES = YES;
				CLANG_WARN_SUSPICIOUS_MOVE = YES;
				CLANG_WARN_UNGUARDED_AVAILABILITY = YES_AGGRESSIVE;
				CLANG_WARN_UNREACHABLE_CODE = YES;
				CLANG_WARN__DUPLICATE_METHOD_MATCH = YES;
				CODE_SIGN_IDENTITY = "Mac Developer";
				COPY_PHASE_STRIP = NO;
				DEBUG_INFORMATION_FORMAT = "dwarf-with-dsym";
				ENABLE_NS_ASSERTIONS = NO;
				ENABLE_STRICT_OBJC_MSGSEND = YES;
				GCC_C_LANGUAGE_STANDARD = gnu11;
				GCC_NO_COMMON_BLOCKS = YES;
				GCC_WARN_64_TO_32_BIT_CONVERSION = YES;
				GCC_WARN_ABOUT_RETURN_TYPE = YES_ERROR;
				GCC_WARN_UNDECLARED_SELECTOR = YES;
				GCC_WARN_UNINITIALIZED_AUTOS = YES_AGGRESSIVE;
				GCC_WARN_UNUSED_FUNCTION = YES;
				GCC_WARN_UNUSED_VARIABLE = YES;
				MACOSX_DEPLOYMENT_TARGET = 10.14;
				MTL_ENABLE_DEBUG_INFO = NO;
				MTL_FAST_MATH = YES;
				SDKROOT = macosx;
			};
			name = Release;
		};
		1215669222CB4A300067C003 /* Debug */ = {
			isa = XCBuildConfiguration;
			buildSettings = {
				CODE_SIGN_IDENTITY = "-";
				CODE_SIGN_STYLE = Automatic;
				DEVELOPMENT_TEAM = 4G7XDBY9J6;
				PRODUCT_NAME = "$(TARGET_NAME)";
			};
			name = Debug;
		};
		1215669322CB4A300067C003 /* Release */ = {
			isa = XCBuildConfiguration;
			buildSettings = {
				CODE_SIGN_IDENTITY = "-";
				CODE_SIGN_STYLE = Automatic;
				DEVELOPMENT_TEAM = 4G7XDBY9J6;
				PRODUCT_NAME = "$(TARGET_NAME)";
			};
			name = Release;
		};
/* End XCBuildConfiguration section */

/* Begin XCConfigurationList section */
		1215668522CB4A300067C003 /* Build configuration list for PBXProject "LeetCode" */ = {
			isa = XCConfigurationList;
			buildConfigurations = (
				1215668F22CB4A300067C003 /* Debug */,
				1215669022CB4A300067C003 /* Release */,
			);
			defaultConfigurationIsVisible = 0;
			defaultConfigurationName = Release;
		};
		1215669122CB4A300067C003 /* Build configuration list for PBXNativeTarget "LeetCode" */ = {
			isa = XCConfigurationList;
			buildConfigurations = (
				1215669222CB4A300067C003 /* Debug */,
				1215669322CB4A300067C003 /* Release */,
			);
			defaultConfigurationIsVisible = 0;
			defaultConfigurationName = Release;
		};
/* End XCConfigurationList section */
	};
	rootObject = 1215668222CB4A300067C003 /* Project object */;
}
